
Microsoft Visual Studio Solution File, Format Version 12.00
# Visual Studio Version 17
VisualStudioVersion = 17.9.34714.143
MinimumVisualStudioVersion = 10.0.40219.1
Project("{FAE04EC0-301F-11D3-BF4B-00C04F79EFBC}") = "BalatroMessager", "BalatroMessager.csproj", "{83ED0515-B7E5-4F63-96E2-D7B650DB1DA3}"
EndProject
Global
	GlobalSection(SolutionConfigurationPlatforms) = preSolution
		Debug|Any CPU = Debug|Any CPU
		Release|Any CPU = Release|Any CPU
	EndGlobalSection
	GlobalSection(ProjectConfigurationPlatforms) = postSolution
		{83ED0515-B7E5-4F63-96E2-D7B650DB1DA3}.Debug|Any CPU.ActiveCfg = Debug|Any CPU
		{83ED0515-B7E5-4F63-96E2-D7B650DB1DA3}.Debug|Any CPU.Build.0 = Debug|Any CPU
		{83ED0515-B7E5-4F63-96E2-D7B650DB1DA3}.Release|Any CPU.ActiveCfg = Release|Any CPU
		{83ED0515-B7E5-4F63-96E2-D7B650DB1DA3}.Release|Any CPU.Build.0 = Release|Any CPU
	EndGlobalSection
	GlobalSection(SolutionProperties) = preSolution
		HideSolutionNode = FALSE
	EndGlobalSection
	GlobalSection(ExtensibilityGlobals) = postSolution
		SolutionGuid = {DBA5E491-F0A2-471F-96A1-7D5E98CFD38F}
	EndGlobalSection
EndGlobal
